
Microsoft Visual Studio Solution File, Format Version 12.00
# Visual Studio Version 16
VisualStudioVersion = 16.0.29519.87
MinimumVisualStudioVersion = 10.0.40219.1
Project("{9A19103F-16F7-4668-BE54-9A1E7A4F7556}") = "DataStructures", "DataStructures\DataStructures.csproj", "{A9057F99-5650-4EEB-8B7E-900743E00A79}"
EndProject
Project("{FAE04EC0-301F-11D3-BF4B-00C04F79EFBC}") = "DataStructuresTets", "DataStructuresTets\DataStructuresTets.csproj", "{C901E50D-BFF8-4B67-9CDF-9C8D0F8C6DA7}"
EndProject
Project("{FAE04EC0-301F-11D3-BF4B-00C04F79EFBC}") = "VisualTests", "VisualTests\VisualTests.csproj", "{071FDC0E-5D84-42E5-A2E1-71D51A21BA3E}"
EndProject
Global
	GlobalSection(SolutionConfigurationPlatforms) = preSolution
		Debug|Any CPU = Debug|Any CPU
		Release|Any CPU = Release|Any CPU
	EndGlobalSection
	GlobalSection(ProjectConfigurationPlatforms) = postSolution
		{A9057F99-5650-4EEB-8B7E-900743E00A79}.Debug|Any CPU.ActiveCfg = Debug|Any CPU
		{A9057F99-5650-4EEB-8B7E-900743E00A79}.Debug|Any CPU.Build.0 = Debug|Any CPU
		{A9057F99-5650-4EEB-8B7E-900743E00A79}.Release|Any CPU.ActiveCfg = Release|Any CPU
		{A9057F99-5650-4EEB-8B7E-900743E00A79}.Release|Any CPU.Build.0 = Release|Any CPU
		{C901E50D-BFF8-4B67-9CDF-9C8D0F8C6DA7}.Debug|Any CPU.ActiveCfg = Debug|Any CPU
		{C901E50D-BFF8-4B67-9CDF-9C8D0F8C6DA7}.Debug|Any CPU.Build.0 = Debug|Any CPU
		{C901E50D-BFF8-4B67-9CDF-9C8D0F8C6DA7}.Release|Any CPU.ActiveCfg = Release|Any CPU
		{C901E50D-BFF8-4B67-9CDF-9C8D0F8C6DA7}.Release|Any CPU.Build.0 = Release|Any CPU
		{071FDC0E-5D84-42E5-A2E1-71D51A21BA3E}.Debug|Any CPU.ActiveCfg = Debug|Any CPU
		{071FDC0E-5D84-42E5-A2E1-71D51A21BA3E}.Debug|Any CPU.Build.0 = Debug|Any CPU
		{071FDC0E-5D84-42E5-A2E1-71D51A21BA3E}.Release|Any CPU.ActiveCfg = Release|Any CPU
		{071FDC0E-5D84-42E5-A2E1-71D51A21BA3E}.Release|Any CPU.Build.0 = Release|Any CPU
	EndGlobalSection
	GlobalSection(SolutionProperties) = preSolution
		HideSolutionNode = FALSE
	EndGlobalSection
	GlobalSection(ExtensibilityGlobals) = postSolution
		SolutionGuid = {466AC201-3383-4095-9C0E-0CB04C2F341F}
	EndGlobalSection
EndGlobal
